
Microsoft Visual Studio Solution File, Format Version 12.00
# Visual Studio Version 16
VisualStudioVersion = 16.0.30225.117
MinimumVisualStudioVersion = 10.0.40219.1
Project("{FAE04EC0-301F-11D3-BF4B-00C04F79EFBC}") = "PromotionEngine.API", "PromotionEngine.API.csproj", "{F37045B6-9A2E-4656-96AC-9769C537CCD0}"
EndProject
Project("{FAE04EC0-301F-11D3-BF4B-00C04F79EFBC}") = "PromotionEngine.TestUnit", "..\PromotionEngineTestUnitProject\PromotionEngine.TestUnit.csproj", "{3AC3755C-62F5-402C-B3C0-E3DE914735CE}"
EndProject
Project("{FAE04EC0-301F-11D3-BF4B-00C04F79EFBC}") = "PromotionEngine.Models", "..\PromotionEngineModelsProject\PromotionEngine.Models.csproj", "{F2418CC4-CABE-4CDC-8C40-FB69261C4773}"
EndProject
Project("{FAE04EC0-301F-11D3-BF4B-00C04F79EFBC}") = "PromotionEngine.Repository", "..\PEDataRepositoryProject\PromotionEngine.Repository.csproj", "{F1CE5456-D847-490E-836C-766852B6A648}"
EndProject
Project("{FAE04EC0-301F-11D3-BF4B-00C04F79EFBC}") = "PromotionEngine.BL", "..\PromotionEngine.BL\PromotionEngine.BL.csproj", "{30D1C6EA-F3CD-4F82-9C3C-979310091A44}"
EndProject
Global
	GlobalSection(SolutionConfigurationPlatforms) = preSolution
		Debug|Any CPU = Debug|Any CPU
		Release|Any CPU = Release|Any CPU
	EndGlobalSection
	GlobalSection(ProjectConfigurationPlatforms) = postSolution
		{F37045B6-9A2E-4656-96AC-9769C537CCD0}.Debug|Any CPU.ActiveCfg = Debug|Any CPU
		{F37045B6-9A2E-4656-96AC-9769C537CCD0}.Debug|Any CPU.Build.0 = Debug|Any CPU
		{F37045B6-9A2E-4656-96AC-9769C537CCD0}.Release|Any CPU.ActiveCfg = Release|Any CPU
		{F37045B6-9A2E-4656-96AC-9769C537CCD0}.Release|Any CPU.Build.0 = Release|Any CPU
		{3AC3755C-62F5-402C-B3C0-E3DE914735CE}.Debug|Any CPU.ActiveCfg = Debug|Any CPU
		{3AC3755C-62F5-402C-B3C0-E3DE914735CE}.Debug|Any CPU.Build.0 = Debug|Any CPU
		{3AC3755C-62F5-402C-B3C0-E3DE914735CE}.Release|Any CPU.ActiveCfg = Release|Any CPU
		{3AC3755C-62F5-402C-B3C0-E3DE914735CE}.Release|Any CPU.Build.0 = Release|Any CPU
		{F2418CC4-CABE-4CDC-8C40-FB69261C4773}.Debug|Any CPU.ActiveCfg = Debug|Any CPU
		{F2418CC4-CABE-4CDC-8C40-FB69261C4773}.Debug|Any CPU.Build.0 = Debug|Any CPU
		{F2418CC4-CABE-4CDC-8C40-FB69261C4773}.Release|Any CPU.ActiveCfg = Release|Any CPU
		{F2418CC4-CABE-4CDC-8C40-FB69261C4773}.Release|Any CPU.Build.0 = Release|Any CPU
		{F1CE5456-D847-490E-836C-766852B6A648}.Debug|Any CPU.ActiveCfg = Debug|Any CPU
		{F1CE5456-D847-490E-836C-766852B6A648}.Debug|Any CPU.Build.0 = Debug|Any CPU
		{F1CE5456-D847-490E-836C-766852B6A648}.Release|Any CPU.ActiveCfg = Release|Any CPU
		{F1CE5456-D847-490E-836C-766852B6A648}.Release|Any CPU.Build.0 = Release|Any CPU
		{30D1C6EA-F3CD-4F82-9C3C-979310091A44}.Debug|Any CPU.ActiveCfg = Debug|Any CPU
		{30D1C6EA-F3CD-4F82-9C3C-979310091A44}.Debug|Any CPU.Build.0 = Debug|Any CPU
		{30D1C6EA-F3CD-4F82-9C3C-979310091A44}.Release|Any CPU.ActiveCfg = Release|Any CPU
		{30D1C6EA-F3CD-4F82-9C3C-979310091A44}.Release|Any CPU.Build.0 = Release|Any CPU
	EndGlobalSection
	GlobalSection(SolutionProperties) = preSolution
		HideSolutionNode = FALSE
	EndGlobalSection
	GlobalSection(ExtensibilityGlobals) = postSolution
		SolutionGuid = {81FD3D49-D365-4BBE-B856-5EF9BFA862F7}
	EndGlobalSection
EndGlobal
